// !$*UTF8*$!
{
	archiveVersion = 1;
	classes = {
	};
	objectVersion = 50;
	objects = {

/* Begin PBXBuildFile section */
		AB35CC42265323D400E3043D /* AppDelegate.swift in Sources */ = {isa = PBXBuildFile; fileRef = AB35CC41265323D400E3043D /* AppDelegate.swift */; };
		AB35CC44265323D400E3043D /* SceneDelegate.swift in Sources */ = {isa = PBXBuildFile; fileRef = AB35CC43265323D400E3043D /* SceneDelegate.swift */; };
		AB35CC46265323D400E3043D /* ViewController.swift in Sources */ = {isa = PBXBuildFile; fileRef = AB35CC45265323D400E3043D /* ViewController.swift */; };
		AB35CC49265323D400E3043D /* Main.storyboard in Resources */ = {isa = PBXBuildFile; fileRef = AB35CC47265323D400E3043D /* Main.storyboard */; };
		AB35CC4C265323D400E3043D /* Aneesa_MyORDER.xcdatamodeld in Sources */ = {isa = PBXBuildFile; fileRef = AB35CC4A265323D400E3043D /* Aneesa_MyORDER.xcdatamodeld */; };
		AB35CC4E265323D600E3043D /* Assets.xcassets in Resources */ = {isa = PBXBuildFile; fileRef = AB35CC4D265323D600E3043D /* Assets.xcassets */; };
		AB35CC51265323D600E3043D /* LaunchScreen.storyboard in Resources */ = {isa = PBXBuildFile; fileRef = AB35CC4F265323D600E3043D /* LaunchScreen.storyboard */; };
		AB35CC5C265323D600E3043D /* Aneesa_MyORDERTests.swift in Sources */ = {isa = PBXBuildFile; fileRef = AB35CC5B265323D600E3043D /* Aneesa_MyORDERTests.swift */; };
		AB35CC67265323D600E3043D /* Aneesa_MyORDERUITests.swift in Sources */ = {isa = PBXBuildFile; fileRef = AB35CC66265323D600E3043D /* Aneesa_MyORDERUITests.swift */; };
		AB35CC782653260E00E3043D /* MyOrderTableViewController.swift in Sources */ = {isa = PBXBuildFile; fileRef = AB35CC772653260E00E3043D /* MyOrderTableViewController.swift */; };
		AB35CC7E2653347000E3043D /* CoreDBHelper.swift in Sources */ = {isa = PBXBuildFile; fileRef = AB35CC7D2653347000E3043D /* CoreDBHelper.swift */; };
		AB35CC8326533CF300E3043D /* CoffeeCell.swift in Sources */ = {isa = PBXBuildFile; fileRef = AB35CC8226533CF300E3043D /* CoffeeCell.swift */; };
/* End PBXBuildFile section */

/* Begin PBXContainerItemProxy section */
		AB35CC58265323D600E3043D /* PBXContainerItemProxy */ = {
			isa = PBXContainerItemProxy;
			containerPortal = AB35CC36265323D400E3043D /* Project object */;
			proxyType = 1;
			remoteGlobalIDString = AB35CC3D265323D400E3043D;
			remoteInfo = Aneesa_MyORDER;
		};
		AB35CC63265323D600E3043D /* PBXContainerItemProxy */ = {
			isa = PBXContainerItemProxy;
			containerPortal = AB35CC36265323D400E3043D /* Project object */;
			proxyType = 1;
			remoteGlobalIDString = AB35CC3D265323D400E3043D;
			remoteInfo = Aneesa_MyORDER;
		};
/* End PBXContainerItemProxy section */

/* Begin PBXFileReference section */
		AB35CC3E265323D400E3043D /* Aneesa_MyORDER.app */ = {isa = PBXFileReference; explicitFileType = wrapper.application; includeInIndex = 0; path = Aneesa_MyORDER.app; sourceTree = BUILT_PRODUCTS_DIR; };
		AB35CC41265323D400E3043D /* AppDelegate.swift */ = {isa = PBXFileReference; lastKnownFileType = sourcecode.swift; path = AppDelegate.swift; sourceTree = "<group>"; };
		AB35CC43265323D400E3043D /* SceneDelegate.swift */ = {isa = PBXFileReference; lastKnownFileType = sourcecode.swift; path = SceneDelegate.swift; sourceTree = "<group>"; };
		AB35CC45265323D400E3043D /* ViewController.swift */ = {isa = PBXFileReference; lastKnownFileType = sourcecode.swift; path = ViewController.swift; sourceTree = "<group>"; };
		AB35CC48265323D400E3043D /* Base */ = {isa = PBXFileReference; lastKnownFileType = file.storyboard; name = Base; path = Base.lproj/Main.storyboard; sourceTree = "<group>"; };
		AB35CC4B265323D400E3043D /* Aneesa_MyORDER.xcdatamodel */ = {isa = PBXFileReference; lastKnownFileType = wrapper.xcdatamodel; path = Aneesa_MyORDER.xcdatamodel; sourceTree = "<group>"; };
		AB35CC4D265323D600E3043D /* Assets.xcassets */ = {isa = PBXFileReference; lastKnownFileType = folder.assetcatalog; path = Assets.xcassets; sourceTree = "<group>"; };
		AB35CC50265323D600E3043D /* Base */ = {isa = PBXFileReference; lastKnownFileType = file.storyboard; name = Base; path = Base.lproj/LaunchScreen.storyboard; sourceTree = "<group>"; };
		AB35CC52265323D600E3043D /* Info.plist */ = {isa = PBXFileReference; lastKnownFileType = text.plist.xml; path = Info.plist; sourceTree = "<group>"; };
		AB35CC57265323D600E3043D /* Aneesa_MyORDERTests.xctest */ = {isa = PBXFileReference; explicitFileType = wrapper.cfbundle; includeInIndex = 0; path = Aneesa_MyORDERTests.xctest; sourceTree = BUILT_PRODUCTS_DIR; };
		AB35CC5B265323D600E3043D /* Aneesa_MyORDERTests.swift */ = {isa = PBXFileReference; lastKnownFileType = sourcecode.swift; path = Aneesa_MyORDERTests.swift; sourceTree = "<group>"; };
		AB35CC5D265323D600E3043D /* Info.plist */ = {isa = PBXFileReference; lastKnownFileType = text.plist.xml; path = Info.plist; sourceTree = "<group>"; };
		AB35CC62265323D600E3043D /* Aneesa_MyORDERUITests.xctest */ = {isa = PBXFileReference; explicitFileType = wrapper.cfbundle; includeInIndex = 0; path = Aneesa_MyORDERUITests.xctest; sourceTree = BUILT_PRODUCTS_DIR; };
		AB35CC66265323D600E3043D /* Aneesa_MyORDERUITests.swift */ = {isa = PBXFileReference; lastKnownFileType = sourcecode.swift; path = Aneesa_MyORDERUITests.swift; sourceTree = "<group>"; };
		AB35CC68265323D600E3043D /* Info.plist */ = {isa = PBXFileReference; lastKnownFileType = text.plist.xml; path = Info.plist; sourceTree = "<group>"; };
		AB35CC772653260E00E3043D /* MyOrderTableViewController.swift */ = {isa = PBXFileReference; lastKnownFileType = sourcecode.swift; path = MyOrderTableViewController.swift; sourceTree = "<group>"; };
		AB35CC7D2653347000E3043D /* CoreDBHelper.swift */ = {isa = PBXFileReference; lastKnownFileType = sourcecode.swift; path = CoreDBHelper.swift; sourceTree = "<group>"; };
		AB35CC8226533CF300E3043D /* CoffeeCell.swift */ = {isa = PBXFileReference; lastKnownFileType = sourcecode.swift; path = CoffeeCell.swift; sourceTree = "<group>"; };
/* End PBXFileReference section */

/* Begin PBXFrameworksBuildPhase section */
		AB35CC3B265323D400E3043D /* Frameworks */ = {
			isa = PBXFrameworksBuildPhase;
			buildActionMask = 2147483647;
			files = (
			);
			runOnlyForDeploymentPostprocessing = 0;
		};
		AB35CC54265323D600E3043D /* Frameworks */ = {
			isa = PBXFrameworksBuildPhase;
			buildActionMask = 2147483647;
			files = (
			);
			runOnlyForDeploymentPostprocessing = 0;
		};
		AB35CC5F265323D600E3043D /* Frameworks */ = {
			isa = PBXFrameworksBuildPhase;
			buildActionMask = 2147483647;
			files = (
			);
			runOnlyForDeploymentPostprocessing = 0;
		};
/* End PBXFrameworksBuildPhase section */

/* Begin PBXGroup section */
		AB35CC35265323D400E3043D = {
			isa = PBXGroup;
			children = (
				AB35CC40265323D400E3043D /* Aneesa_MyORDER */,
				AB35CC5A265323D600E3043D /* Aneesa_MyORDERTests */,
				AB35CC65265323D600E3043D /* Aneesa_MyORDERUITests */,
				AB35CC3F265323D400E3043D /* Products */,
			);
			sourceTree = "<group>";
		};
		AB35CC3F265323D400E3043D /* Products */ = {
			isa = PBXGroup;
			children = (
				AB35CC3E265323D400E3043D /* Aneesa_MyORDER.app */,
				AB35CC57265323D600E3043D /* Aneesa_MyORDERTests.xctest */,
				AB35CC62265323D600E3043D /* Aneesa_MyORDERUITests.xctest */,
			);
			name = Products;
			sourceTree = "<group>";
		};
		AB35CC40265323D400E3043D /* Aneesa_MyORDER */ = {
			isa = PBXGroup;
			children = (
				AB35CC41265323D400E3043D /* AppDelegate.swift */,
				AB35CC43265323D400E3043D /* SceneDelegate.swift */,
				AB35CC45265323D400E3043D /* ViewController.swift */,
				AB35CC47265323D400E3043D /* Main.storyboard */,
				AB35CC8226533CF300E3043D /* CoffeeCell.swift */,
				AB35CC772653260E00E3043D /* MyOrderTableViewController.swift */,
				AB35CC4D265323D600E3043D /* Assets.xcassets */,
				AB35CC4F265323D600E3043D /* LaunchScreen.storyboard */,
				AB35CC52265323D600E3043D /* Info.plist */,
				AB35CC4A265323D400E3043D /* Aneesa_MyORDER.xcdatamodeld */,
				AB35CC7D2653347000E3043D /* CoreDBHelper.swift */,
			);
			path = Aneesa_MyORDER;
			sourceTree = "<group>";
		};
		AB35CC5A265323D600E3043D /* Aneesa_MyORDERTests */ = {
			isa = PBXGroup;
			children = (
				AB35CC5B265323D600E3043D /* Aneesa_MyORDERTests.swift */,
				AB35CC5D265323D600E3043D /* Info.plist */,
			);
			path = Aneesa_MyORDERTests;
			sourceTree = "<group>";
		};
		AB35CC65265323D600E3043D /* Aneesa_MyORDERUITests */ = {
			isa = PBXGroup;
			children = (
				AB35CC66265323D600E3043D /* Aneesa_MyORDERUITests.swift */,
				AB35CC68265323D600E3043D /* Info.plist */,
			);
			path = Aneesa_MyORDERUITests;
			sourceTree = "<group>";
		};
/* End PBXGroup section */

/* Begin PBXNativeTarget section */
		AB35CC3D265323D400E3043D /* Aneesa_MyORDER */ = {
			isa = PBXNativeTarget;
			buildConfigurationList = AB35CC6B265323D600E3043D /* Build configuration list for PBXNativeTarget "Aneesa_MyORDER" */;
			buildPhases = (
				AB35CC3A265323D400E3043D /* Sources */,
				AB35CC3B265323D400E3043D /* Frameworks */,
				AB35CC3C265323D400E3043D /* Resources */,
			);
			buildRules = (
			);
			dependencies = (
			);
			name = Aneesa_MyORDER;
			productName = Aneesa_MyORDER;
			productReference = AB35CC3E265323D400E3043D /* Aneesa_MyORDER.app */;
			productType = "com.apple.product-type.application";
		};
		AB35CC56265323D600E3043D /* Aneesa_MyORDERTests */ = {
			isa = PBXNativeTarget;
			buildConfigurationList = AB35CC6E265323D600E3043D /* Build configuration list for PBXNativeTarget "Aneesa_MyORDERTests" */;
			buildPhases = (
				AB35CC53265323D600E3043D /* Sources */,
				AB35CC54265323D600E3043D /* Frameworks */,
				AB35CC55265323D600E3043D /* Resources */,
			);
			buildRules = (
			);
			dependencies = (
				AB35CC59265323D600E3043D /* PBXTargetDependency */,
			);
			name = Aneesa_MyORDERTests;
			productName = Aneesa_MyORDERTests;
			productReference = AB35CC57265323D600E3043D /* Aneesa_MyORDERTests.xctest */;
			productType = "com.apple.product-type.bundle.unit-test";
		};
		AB35CC61265323D600E3043D /* Aneesa_MyORDERUITests */ = {
			isa = PBXNativeTarget;
			buildConfigurationList = AB35CC71265323D600E3043D /* Build configuration list for PBXNativeTarget "Aneesa_MyORDERUITests" */;
			buildPhases = (
				AB35CC5E265323D600E3043D /* Sources */,
				AB35CC5F265323D600E3043D /* Frameworks */,
				AB35CC60265323D600E3043D /* Resources */,
			);
			buildRules = (
			);
			dependencies = (
				AB35CC64265323D600E3043D /* PBXTargetDependency */,
			);
			name = Aneesa_MyORDERUITests;
			productName = Aneesa_MyORDERUITests;
			productReference = AB35CC62265323D600E3043D /* Aneesa_MyORDERUITests.xctest */;
			productType = "com.apple.product-type.bundle.ui-testing";
		};
/* End PBXNativeTarget section */

/* Begin PBXProject section */
		AB35CC36265323D400E3043D /* Project object */ = {
			isa = PBXProject;
			attributes = {
				LastSwiftUpdateCheck = 1240;
				LastUpgradeCheck = 1240;
				TargetAttributes = {
					AB35CC3D265323D400E3043D = {
						CreatedOnToolsVersion = 12.4;
					};
					AB35CC56265323D600E3043D = {
						CreatedOnToolsVersion = 12.4;
						TestTargetID = AB35CC3D265323D400E3043D;
					};
					AB35CC61265323D600E3043D = {
						CreatedOnToolsVersion = 12.4;
						TestTargetID = AB35CC3D265323D400E3043D;
					};
				};
			};
			buildConfigurationList = AB35CC39265323D400E3043D /* Build configuration list for PBXProject "Aneesa_MyORDER" */;
			compatibilityVersion = "Xcode 9.3";
			developmentRegion = en;
			hasScannedForEncodings = 0;
			knownRegions = (
				en,
				Base,
			);
			mainGroup = AB35CC35265323D400E3043D;
			productRefGroup = AB35CC3F265323D400E3043D /* Products */;
			projectDirPath = "";
			projectRoot = "";
			targets = (
				AB35CC3D265323D400E3043D /* Aneesa_MyORDER */,
				AB35CC56265323D600E3043D /* Aneesa_MyORDERTests */,
				AB35CC61265323D600E3043D /* Aneesa_MyORDERUITests */,
			);
		};
/* End PBXProject section */

/* Begin PBXResourcesBuildPhase section */
		AB35CC3C265323D400E3043D /* Resources */ = {
			isa = PBXResourcesBuildPhase;
			buildActionMask = 2147483647;
			files = (
				AB35CC51265323D600E3043D /* LaunchScreen.storyboard in Resources */,
				AB35CC4E265323D600E3043D /* Assets.xcassets in Resources */,
				AB35CC49265323D400E3043D /* Main.storyboard in Resources */,
			);
			runOnlyForDeploymentPostprocessing = 0;
		};
		AB35CC55265323D600E3043D /* Resources */ = {
			isa = PBXResourcesBuildPhase;
			buildActionMask = 2147483647;
			files = (
			);
			runOnlyForDeploymentPostprocessing = 0;
		};
		AB35CC60265323D600E3043D /* Resources */ = {
			isa = PBXResourcesBuildPhase;
			buildActionMask = 2147483647;
			files = (
			);
			runOnlyForDeploymentPostprocessing = 0;
		};
/* End PBXResourcesBuildPhase section */

/* Begin PBXSourcesBuildPhase section */
		AB35CC3A265323D400E3043D /* Sources */ = {
			isa = PBXSourcesBuildPhase;
			buildActionMask = 2147483647;
			files = (
				AB35CC46265323D400E3043D /* ViewController.swift in Sources */,
				AB35CC8326533CF300E3043D /* CoffeeCell.swift in Sources */,
				AB35CC4C265323D400E3043D /* Aneesa_MyORDER.xcdatamodeld in Sources */,
				AB35CC42265323D400E3043D /* AppDelegate.swift in Sources */,
				AB35CC44265323D400E3043D /* SceneDelegate.swift in Sources */,
				AB35CC7E2653347000E3043D /* CoreDBHelper.swift in Sources */,
				AB35CC782653260E00E3043D /* MyOrderTableViewController.swift in Sources */,
			);
			runOnlyForDeploymentPostprocessing = 0;
		};
		AB35CC53265323D600E3043D /* Sources */ = {
			isa = PBXSourcesBuildPhase;
			buildActionMask = 2147483647;
			files = (
				AB35CC5C265323D600E3043D /* Aneesa_MyORDERTests.swift in Sources */,
			);
			runOnlyForDeploymentPostprocessing = 0;
		};
		AB35CC5E265323D600E3043D /* Sources */ = {
			isa = PBXSourcesBuildPhase;
			buildActionMask = 2147483647;
			files = (
				AB35CC67265323D600E3043D /* Aneesa_MyORDERUITests.swift in Sources */,
			);
			runOnlyForDeploymentPostprocessing = 0;
		};
/* End PBXSourcesBuildPhase section */

/* Begin PBXTargetDependency section */
		AB35CC59265323D600E3043D /* PBXTargetDependency */ = {
			isa = PBXTargetDependency;
			target = AB35CC3D265323D400E3043D /* Aneesa_MyORDER */;
			targetProxy = AB35CC58265323D600E3043D /* PBXContainerItemProxy */;
		};
		AB35CC64265323D600E3043D /* PBXTargetDependency */ = {
			isa = PBXTargetDependency;
			target = AB35CC3D265323D400E3043D /* Aneesa_MyORDER */;
			targetProxy = AB35CC63265323D600E3043D /* PBXContainerItemProxy */;
		};
/* End PBXTargetDependency section */

/* Begin PBXVariantGroup section */
		AB35CC47265323D400E3043D /* Main.storyboard */ = {
			isa = PBXVariantGroup;
			children = (
				AB35CC48265323D400E3043D /* Base */,
			);
			name = Main.storyboard;
			sourceTree = "<group>";
		};
		AB35CC4F265323D600E3043D /* LaunchScreen.storyboard */ = {
			isa = PBXVariantGroup;
			children = (
				AB35CC50265323D600E3043D /* Base */,
			);
			name = LaunchScreen.storyboard;
			sourceTree = "<group>";
		};
/* End PBXVariantGroup section */

/* Begin XCBuildConfiguration section */
		AB35CC69265323D600E3043D /* Debug */ = {
			isa = XCBuildConfiguration;
			buildSettings = {
				ALWAYS_SEARCH_USER_PATHS = NO;
				CLANG_ANALYZER_NONNULL = YES;
				CLANG_ANALYZER_NUMBER_OBJECT_CONVERSION = YES_AGGRESSIVE;
				CLANG_CXX_LANGUAGE_STANDARD = "gnu++14";
				CLANG_CXX_LIBRARY = "libc++";
				CLANG_ENABLE_MODULES = YES;
				CLANG_ENABLE_OBJC_ARC = YES;
				CLANG_ENABLE_OBJC_WEAK = YES;
				CLANG_WARN_BLOCK_CAPTURE_AUTORELEASING = YES;
				CLANG_WARN_BOOL_CONVERSION = YES;
				CLANG_WARN_COMMA = YES;
				CLANG_WARN_CONSTANT_CONVERSION = YES;
				CLANG_WARN_DEPRECATED_OBJC_IMPLEMENTATIONS = YES;
				CLANG_WARN_DIRECT_OBJC_ISA_USAGE = YES_ERROR;
				CLANG_WARN_DOCUMENTATION_COMMENTS = YES;
				CLANG_WARN_EMPTY_BODY = YES;
				CLANG_WARN_ENUM_CONVERSION = YES;
				CLANG_WARN_INFINITE_RECURSION = YES;
				CLANG_WARN_INT_CONVERSION = YES;
				CLANG_WARN_NON_LITERAL_NULL_CONVERSION = YES;
				CLANG_WARN_OBJC_IMPLICIT_RETAIN_SELF = YES;
				CLANG_WARN_OBJC_LITERAL_CONVERSION = YES;
				CLANG_WARN_OBJC_ROOT_CLASS = YES_ERROR;
				CLANG_WARN_QUOTED_INCLUDE_IN_FRAMEWORK_HEADER = YES;
				CLANG_WARN_RANGE_LOOP_ANALYSIS = YES;
				CLANG_WARN_STRICT_PROTOTYPES = YES;
				CLANG_WARN_SUSPICIOUS_MOVE = YES;
				CLANG_WARN_UNGUARDED_AVAILABILITY = YES_AGGRESSIVE;
				CLANG_WARN_UNREACHABLE_CODE = YES;
				CLANG_WARN__DUPLICATE_METHOD_MATCH = YES;
				COPY_PHASE_STRIP = NO;
				DEBUG_INFORMATION_FORMAT = dwarf;
				ENABLE_STRICT_OBJC_MSGSEND = YES;
				ENABLE_TESTABILITY = YES;
				GCC_C_LANGUAGE_STANDARD = gnu11;
				GCC_DYNAMIC_NO_PIC = NO;
				GCC_NO_COMMON_BLOCKS = YES;
				GCC_OPTIMIZATION_LEVEL = 0;
				GCC_PREPROCESSOR_DEFINITIONS = (
					"DEBUG=1",
					"$(inherited)",
				);
				GCC_WARN_64_TO_32_BIT_CONVERSION = YES;
				GCC_WARN_ABOUT_RETURN_TYPE = YES_ERROR;
				GCC_WARN_UNDECLARED_SELECTOR = YES;
				GCC_WARN_UNINITIALIZED_AUTOS = YES_AGGRESSIVE;
				GCC_WARN_UNUSED_FUNCTION = YES;
				GCC_WARN_UNUSED_VARIABLE = YES;
				IPHONEOS_DEPLOYMENT_TARGET = 14.4;
				MTL_ENABLE_DEBUG_INFO = INCLUDE_SOURCE;
				MTL_FAST_MATH = YES;
				ONLY_ACTIVE_ARCH = YES;
				SDKROOT = iphoneos;
				SWIFT_ACTIVE_COMPILATION_CONDITIONS = DEBUG;
				SWIFT_OPTIMIZATION_LEVEL = "-Onone";
			};
			name = Debug;
		};
		AB35CC6A265323D600E3043D /* Release */ = {
			isa = XCBuildConfiguration;
			buildSettings = {
				ALWAYS_SEARCH_USER_PATHS = NO;
				CLANG_ANALYZER_NONNULL = YES;
				CLANG_ANALYZER_NUMBER_OBJECT_CONVERSION = YES_AGGRESSIVE;
				CLANG_CXX_LANGUAGE_STANDARD = "gnu++14";
				CLANG_CXX_LIBRARY = "libc++";
				CLANG_ENABLE_MODULES = YES;
				CLANG_ENABLE_OBJC_ARC = YES;
				CLANG_ENABLE_OBJC_WEAK = YES;
				CLANG_WARN_BLOCK_CAPTURE_AUTORELEASING = YES;
				CLANG_WARN_BOOL_CONVERSION = YES;
				CLANG_WARN_COMMA = YES;
				CLANG_WARN_CONSTANT_CONVERSION = YES;
				CLANG_WARN_DEPRECATED_OBJC_IMPLEMENTATIONS = YES;
				CLANG_WARN_DIRECT_OBJC_ISA_USAGE = YES_ERROR;
				CLANG_WARN_DOCUMENTATION_COMMENTS = YES;
				CLANG_WARN_EMPTY_BODY = YES;
				CLANG_WARN_ENUM_CONVERSION = YES;
				CLANG_WARN_INFINITE_RECURSION = YES;
				CLANG_WARN_INT_CONVERSION = YES;
				CLANG_WARN_NON_LITERAL_NULL_CONVERSION = YES;
				CLANG_WARN_OBJC_IMPLICIT_RETAIN_SELF = YES;
				CLANG_WARN_OBJC_LITERAL_CONVERSION = YES;
				CLANG_WARN_OBJC_ROOT_CLASS = YES_ERROR;
				CLANG_WARN_QUOTED_INCLUDE_IN_FRAMEWORK_HEADER = YES;
				CLANG_WARN_RANGE_LOOP_ANALYSIS = YES;
				CLANG_WARN_STRICT_PROTOTYPES = YES;
				CLANG_WARN_SUSPICIOUS_MOVE = YES;
				CLANG_WARN_UNGUARDED_AVAILABILITY = YES_AGGRESSIVE;
				CLANG_WARN_UNREACHABLE_CODE = YES;
				CLANG_WARN__DUPLICATE_METHOD_MATCH = YES;
				COPY_PHASE_STRIP = NO;
				DEBUG_INFORMATION_FORMAT = "dwarf-with-dsym";
				ENABLE_NS_ASSERTIONS = NO;
				ENABLE_STRICT_OBJC_MSGSEND = YES;
				GCC_C_LANGUAGE_STANDARD = gnu11;
				GCC_NO_COMMON_BLOCKS = YES;
				GCC_WARN_64_TO_32_BIT_CONVERSION = YES;
				GCC_WARN_ABOUT_RETURN_TYPE = YES_ERROR;
				GCC_WARN_UNDECLARED_SELECTOR = YES;
				GCC_WARN_UNINITIALIZED_AUTOS = YES_AGGRESSIVE;
				GCC_WARN_UNUSED_FUNCTION = YES;
				GCC_WARN_UNUSED_VARIABLE = YES;
				IPHONEOS_DEPLOYMENT_TARGET = 14.4;
				MTL_ENABLE_DEBUG_INFO = NO;
				MTL_FAST_MATH = YES;
				SDKROOT = iphoneos;
				SWIFT_COMPILATION_MODE = wholemodule;
				SWIFT_OPTIMIZATION_LEVEL = "-O";
				VALIDATE_PRODUCT = YES;
			};
			name = Release;
		};
		AB35CC6C265323D600E3043D /* Debug */ = {
			isa = XCBuildConfiguration;
			buildSettings = {
				ASSETCATALOG_COMPILER_APPICON_NAME = AppIcon;
				ASSETCATALOG_COMPILER_GLOBAL_ACCENT_COLOR_NAME = AccentColor;
				CODE_SIGN_STYLE = Automatic;
				INFOPLIST_FILE = Aneesa_MyORDER/Info.plist;
				LD_RUNPATH_SEARCH_PATHS = (
					"$(inherited)",
					"@executable_path/Frameworks",
				);
				PRODUCT_BUNDLE_IDENTIFIER = "com.aneesa.project.Aneesa-MyORDER";
				PRODUCT_NAME = "$(TARGET_NAME)";
				SWIFT_VERSION = 5.0;
				TARGETED_DEVICE_FAMILY = "1,2";
			};
			name = Debug;
		};
		AB35CC6D265323D600E3043D /* Release */ = {
			isa = XCBuildConfiguration;
			buildSettings = {
				ASSETCATALOG_COMPILER_APPICON_NAME = AppIcon;
				ASSETCATALOG_COMPILER_GLOBAL_ACCENT_COLOR_NAME = AccentColor;
				CODE_SIGN_STYLE = Automatic;
				INFOPLIST_FILE = Aneesa_MyORDER/Info.plist;
				LD_RUNPATH_SEARCH_PATHS = (
					"$(inherited)",
					"@executable_path/Frameworks",
				);
				PRODUCT_BUNDLE_IDENTIFIER = "com.aneesa.project.Aneesa-MyORDER";
				PRODUCT_NAME = "$(TARGET_NAME)";
				SWIFT_VERSION = 5.0;
				TARGETED_DEVICE_FAMILY = "1,2";
			};
			name = Release;
		};
		AB35CC6F265323D600E3043D /* Debug */ = {
			isa = XCBuildConfiguration;
			buildSettings = {
				ALWAYS_EMBED_SWIFT_STANDARD_LIBRARIES = YES;
				BUNDLE_LOADER = "$(TEST_HOST)";
				CODE_SIGN_STYLE = Automatic;
				INFOPLIST_FILE = Aneesa_MyORDERTests/Info.plist;
				IPHONEOS_DEPLOYMENT_TARGET = 14.4;
				LD_RUNPATH_SEARCH_PATHS = (
					"$(inherited)",
					"@executable_path/Frameworks",
					"@loader_path/Frameworks",
				);
				PRODUCT_BUNDLE_IDENTIFIER = "com.aneesa.project.Aneesa-MyORDERTests";
				PRODUCT_NAME = "$(TARGET_NAME)";
				SWIFT_VERSION = 5.0;
				TARGETED_DEVICE_FAMILY = "1,2";
				TEST_HOST = "$(BUILT_PRODUCTS_DIR)/Aneesa_MyORDER.app/Aneesa_MyORDER";
			};
			name = Debug;
		};
		AB35CC70265323D600E3043D /* Release */ = {
			isa = XCBuildConfiguration;
			buildSettings = {
				ALWAYS_EMBED_SWIFT_STANDARD_LIBRARIES = YES;
				BUNDLE_LOADER = "$(TEST_HOST)";
				CODE_SIGN_STYLE = Automatic;
				INFOPLIST_FILE = Aneesa_MyORDERTests/Info.plist;
				IPHONEOS_DEPLOYMENT_TARGET = 14.4;
				LD_RUNPATH_SEARCH_PATHS = (
					"$(inherited)",
					"@executable_path/Frameworks",
					"@loader_path/Frameworks",
				);
				PRODUCT_BUNDLE_IDENTIFIER = "com.aneesa.project.Aneesa-MyORDERTests";
				PRODUCT_NAME = "$(TARGET_NAME)";
				SWIFT_VERSION = 5.0;
				TARGETED_DEVICE_FAMILY = "1,2";
				TEST_HOST = "$(BUILT_PRODUCTS_DIR)/Aneesa_MyORDER.app/Aneesa_MyORDER";
			};
			name = Release;
		};
		AB35CC72265323D600E3043D /* Debug */ = {
			isa = XCBuildConfiguration;
			buildSettings = {
				ALWAYS_EMBED_SWIFT_STANDARD_LIBRARIES = YES;
				CODE_SIGN_STYLE = Automatic;
				INFOPLIST_FILE = Aneesa_MyORDERUITests/Info.plist;
				LD_RUNPATH_SEARCH_PATHS = (
					"$(inherited)",
					"@executable_path/Frameworks",
					"@loader_path/Frameworks",
				);
				PRODUCT_BUNDLE_IDENTIFIER = "com.aneesa.project.Aneesa-MyORDERUITests";
				PRODUCT_NAME = "$(TARGET_NAME)";
				SWIFT_VERSION = 5.0;
				TARGETED_DEVICE_FAMILY = "1,2";
				TEST_TARGET_NAME = Aneesa_MyORDER;
			};
			name = Debug;
		};
		AB35CC73265323D600E3043D /* Release */ = {
			isa = XCBuildConfiguration;
			buildSettings = {
				ALWAYS_EMBED_SWIFT_STANDARD_LIBRARIES = YES;
				CODE_SIGN_STYLE = Automatic;
				INFOPLIST_FILE = Aneesa_MyORDERUITests/Info.plist;
				LD_RUNPATH_SEARCH_PATHS = (
					"$(inherited)",
					"@executable_path/Frameworks",
					"@loader_path/Frameworks",
				);
				PRODUCT_BUNDLE_IDENTIFIER = "com.aneesa.project.Aneesa-MyORDERUITests";
				PRODUCT_NAME = "$(TARGET_NAME)";
				SWIFT_VERSION = 5.0;
				TARGETED_DEVICE_FAMILY = "1,2";
				TEST_TARGET_NAME = Aneesa_MyORDER;
			};
			name = Release;
		};
/* End XCBuildConfiguration section */

/* Begin XCConfigurationList section */
		AB35CC39265323D400E3043D /* Build configuration list for PBXProject "Aneesa_MyORDER" */ = {
			isa = XCConfigurationList;
			buildConfigurations = (
				AB35CC69265323D600E3043D /* Debug */,
				AB35CC6A265323D600E3043D /* Release */,
			);
			defaultConfigurationIsVisible = 0;
			defaultConfigurationName = Release;
		};
		AB35CC6B265323D600E3043D /* Build configuration list for PBXNativeTarget "Aneesa_MyORDER" */ = {
			isa = XCConfigurationList;
			buildConfigurations = (
				AB35CC6C265323D600E3043D /* Debug */,
				AB35CC6D265323D600E3043D /* Release */,
			);
			defaultConfigurationIsVisible = 0;
			defaultConfigurationName = Release;
		};
		AB35CC6E265323D600E3043D /* Build configuration list for PBXNativeTarget "Aneesa_MyORDERTests" */ = {
			isa = XCConfigurationList;
			buildConfigurations = (
				AB35CC6F265323D600E3043D /* Debug */,
				AB35CC70265323D600E3043D /* Release */,
			);
			defaultConfigurationIsVisible = 0;
			defaultConfigurationName = Release;
		};
		AB35CC71265323D600E3043D /* Build configuration list for PBXNativeTarget "Aneesa_MyORDERUITests" */ = {
			isa = XCConfigurationList;
			buildConfigurations = (
				AB35CC72265323D600E3043D /* Debug */,
				AB35CC73265323D600E3043D /* Release */,
			);
			defaultConfigurationIsVisible = 0;
			defaultConfigurationName = Release;
		};
/* End XCConfigurationList section */

/* Begin XCVersionGroup section */
		AB35CC4A265323D400E3043D /* Aneesa_MyORDER.xcdatamodeld */ = {
			isa = XCVersionGroup;
			children = (
				AB35CC4B265323D400E3043D /* Aneesa_MyORDER.xcdatamodel */,
			);
			currentVersion = AB35CC4B265323D400E3043D /* Aneesa_MyORDER.xcdatamodel */;
			path = Aneesa_MyORDER.xcdatamodeld;
			sourceTree = "<group>";
			versionGroupType = wrapper.xcdatamodel;
		};
/* End XCVersionGroup section */
	};
	rootObject = AB35CC36265323D400E3043D /* Project object */;
}
